
Microsoft Visual Studio Solution File, Format Version 12.00
# Visual Studio Version 16
VisualStudioVersion = 16.0.30320.27
MinimumVisualStudioVersion = 10.0.40219.1
Project("{9A19103F-16F7-4668-BE54-9A1E7A4F7556}") = "ClientRequest", "ClientRequest\ClientRequest.csproj", "{7BC5E2F3-1CF7-47A1-87FC-94841A082456}"
EndProject
Project("{9A19103F-16F7-4668-BE54-9A1E7A4F7556}") = "BusinessLogicLayer", "BusinessLogicLayer\BusinessLogicLayer.csproj", "{FABDD171-8838-4EC3-B1C5-1F29F828D88C}"
EndProject
Project("{9A19103F-16F7-4668-BE54-9A1E7A4F7556}") = "HelperLib", "HelperLib\HelperLib.csproj", "{BF869D8B-DFEB-4969-9BD7-5817825BE0EE}"
EndProject
Project("{FAE04EC0-301F-11D3-BF4B-00C04F79EFBC}") = "Server", "Server\Server.csproj", "{7CDE243A-1385-4A35-925F-E15A3D0B4520}"
EndProject
Global
	GlobalSection(SolutionConfigurationPlatforms) = preSolution
		Debug|Any CPU = Debug|Any CPU
		Release|Any CPU = Release|Any CPU
	EndGlobalSection
	GlobalSection(ProjectConfigurationPlatforms) = postSolution
		{7BC5E2F3-1CF7-47A1-87FC-94841A082456}.Debug|Any CPU.ActiveCfg = Debug|Any CPU
		{7BC5E2F3-1CF7-47A1-87FC-94841A082456}.Debug|Any CPU.Build.0 = Debug|Any CPU
		{7BC5E2F3-1CF7-47A1-87FC-94841A082456}.Release|Any CPU.ActiveCfg = Release|Any CPU
		{7BC5E2F3-1CF7-47A1-87FC-94841A082456}.Release|Any CPU.Build.0 = Release|Any CPU
		{FABDD171-8838-4EC3-B1C5-1F29F828D88C}.Debug|Any CPU.ActiveCfg = Debug|Any CPU
		{FABDD171-8838-4EC3-B1C5-1F29F828D88C}.Debug|Any CPU.Build.0 = Debug|Any CPU
		{FABDD171-8838-4EC3-B1C5-1F29F828D88C}.Release|Any CPU.ActiveCfg = Release|Any CPU
		{FABDD171-8838-4EC3-B1C5-1F29F828D88C}.Release|Any CPU.Build.0 = Release|Any CPU
		{BF869D8B-DFEB-4969-9BD7-5817825BE0EE}.Debug|Any CPU.ActiveCfg = Debug|Any CPU
		{BF869D8B-DFEB-4969-9BD7-5817825BE0EE}.Debug|Any CPU.Build.0 = Debug|Any CPU
		{BF869D8B-DFEB-4969-9BD7-5817825BE0EE}.Release|Any CPU.ActiveCfg = Release|Any CPU
		{BF869D8B-DFEB-4969-9BD7-5817825BE0EE}.Release|Any CPU.Build.0 = Release|Any CPU
		{7CDE243A-1385-4A35-925F-E15A3D0B4520}.Debug|Any CPU.ActiveCfg = Debug|Any CPU
		{7CDE243A-1385-4A35-925F-E15A3D0B4520}.Debug|Any CPU.Build.0 = Debug|Any CPU
		{7CDE243A-1385-4A35-925F-E15A3D0B4520}.Release|Any CPU.ActiveCfg = Release|Any CPU
		{7CDE243A-1385-4A35-925F-E15A3D0B4520}.Release|Any CPU.Build.0 = Release|Any CPU
	EndGlobalSection
	GlobalSection(SolutionProperties) = preSolution
		HideSolutionNode = FALSE
	EndGlobalSection
	GlobalSection(ExtensibilityGlobals) = postSolution
		SolutionGuid = {B2A52130-77E4-4CF6-8575-373A78FF6DB3}
	EndGlobalSection
EndGlobal
