
Microsoft Visual Studio Solution File, Format Version 12.00
# Visual Studio Version 16
VisualStudioVersion = 16.0.30320.27
MinimumVisualStudioVersion = 10.0.40219.1
Project("{FAE04EC0-301F-11D3-BF4B-00C04F79EFBC}") = "Universal Client Side", "Universal Client Side\Universal Client Side.csproj", "{C2F0BD28-5C8A-45B3-A222-DBF58FA52501}"
EndProject
Project("{FAE04EC0-301F-11D3-BF4B-00C04F79EFBC}") = "BusinessLogicLayer", "BusinessLogicLayer\BusinessLogicLayer.csproj", "{9FC6850B-E9D7-4F8C-94FD-F834E8C0400B}"
EndProject
Project("{FAE04EC0-301F-11D3-BF4B-00C04F79EFBC}") = "DataAccessLayer", "DataAccessLayer\DataAccessLayer.csproj", "{1B2F9464-781D-4344-8D77-562B06046761}"
EndProject
Global
	GlobalSection(SolutionConfigurationPlatforms) = preSolution
		Debug|Any CPU = Debug|Any CPU
		Release|Any CPU = Release|Any CPU
	EndGlobalSection
	GlobalSection(ProjectConfigurationPlatforms) = postSolution
		{C2F0BD28-5C8A-45B3-A222-DBF58FA52501}.Debug|Any CPU.ActiveCfg = Debug|Any CPU
		{C2F0BD28-5C8A-45B3-A222-DBF58FA52501}.Debug|Any CPU.Build.0 = Debug|Any CPU
		{C2F0BD28-5C8A-45B3-A222-DBF58FA52501}.Release|Any CPU.ActiveCfg = Release|Any CPU
		{C2F0BD28-5C8A-45B3-A222-DBF58FA52501}.Release|Any CPU.Build.0 = Release|Any CPU
		{9FC6850B-E9D7-4F8C-94FD-F834E8C0400B}.Debug|Any CPU.ActiveCfg = Debug|Any CPU
		{9FC6850B-E9D7-4F8C-94FD-F834E8C0400B}.Debug|Any CPU.Build.0 = Debug|Any CPU
		{9FC6850B-E9D7-4F8C-94FD-F834E8C0400B}.Release|Any CPU.ActiveCfg = Release|Any CPU
		{9FC6850B-E9D7-4F8C-94FD-F834E8C0400B}.Release|Any CPU.Build.0 = Release|Any CPU
		{1B2F9464-781D-4344-8D77-562B06046761}.Debug|Any CPU.ActiveCfg = Debug|Any CPU
		{1B2F9464-781D-4344-8D77-562B06046761}.Debug|Any CPU.Build.0 = Debug|Any CPU
		{1B2F9464-781D-4344-8D77-562B06046761}.Release|Any CPU.ActiveCfg = Release|Any CPU
		{1B2F9464-781D-4344-8D77-562B06046761}.Release|Any CPU.Build.0 = Release|Any CPU
	EndGlobalSection
	GlobalSection(SolutionProperties) = preSolution
		HideSolutionNode = FALSE
	EndGlobalSection
	GlobalSection(ExtensibilityGlobals) = postSolution
		SolutionGuid = {6BE032F4-C3CC-4A97-9780-F1D7572EFF70}
	EndGlobalSection
EndGlobal
