
Microsoft Visual Studio Solution File, Format Version 12.00
# Visual Studio Version 16
VisualStudioVersion = 16.0.30320.27
MinimumVisualStudioVersion = 10.0.40219.1
Project("{FAE04EC0-301F-11D3-BF4B-00C04F79EFBC}") = "EdenFarmsServer", "EdenFarmsServer\EdenFarmsServer.csproj", "{0DBAAD0D-7348-421B-A9A9-09C9966A5BCE}"
EndProject
Project("{FAE04EC0-301F-11D3-BF4B-00C04F79EFBC}") = "DataAccessLayer", "DataAccessLayer\DataAccessLayer.csproj", "{1B751978-1FF5-4422-B66F-031C68A2F1FF}"
EndProject
Project("{FAE04EC0-301F-11D3-BF4B-00C04F79EFBC}") = "BusinessLogicLayer", "BusinessLogicLayer\BusinessLogicLayer.csproj", "{8CA1DF56-D941-43AE-A046-D63A1EA31D22}"
EndProject
Project("{FAE04EC0-301F-11D3-BF4B-00C04F79EFBC}") = "PresentationLayer", "PresentationLayer\PresentationLayer.csproj", "{061FFA43-B51C-4E14-97F2-04BD28B99CF4}"
EndProject
Project("{FAE04EC0-301F-11D3-BF4B-00C04F79EFBC}") = "HelperLib", "HelperLib\HelperLib.csproj", "{CE017DB9-21E4-413A-9786-6CC86498EA72}"
EndProject
Global
	GlobalSection(SolutionConfigurationPlatforms) = preSolution
		Debug|Any CPU = Debug|Any CPU
		Release|Any CPU = Release|Any CPU
	EndGlobalSection
	GlobalSection(ProjectConfigurationPlatforms) = postSolution
		{0DBAAD0D-7348-421B-A9A9-09C9966A5BCE}.Debug|Any CPU.ActiveCfg = Debug|Any CPU
		{0DBAAD0D-7348-421B-A9A9-09C9966A5BCE}.Debug|Any CPU.Build.0 = Debug|Any CPU
		{0DBAAD0D-7348-421B-A9A9-09C9966A5BCE}.Release|Any CPU.ActiveCfg = Release|Any CPU
		{0DBAAD0D-7348-421B-A9A9-09C9966A5BCE}.Release|Any CPU.Build.0 = Release|Any CPU
		{1B751978-1FF5-4422-B66F-031C68A2F1FF}.Debug|Any CPU.ActiveCfg = Debug|Any CPU
		{1B751978-1FF5-4422-B66F-031C68A2F1FF}.Debug|Any CPU.Build.0 = Debug|Any CPU
		{1B751978-1FF5-4422-B66F-031C68A2F1FF}.Release|Any CPU.ActiveCfg = Release|Any CPU
		{1B751978-1FF5-4422-B66F-031C68A2F1FF}.Release|Any CPU.Build.0 = Release|Any CPU
		{8CA1DF56-D941-43AE-A046-D63A1EA31D22}.Debug|Any CPU.ActiveCfg = Debug|Any CPU
		{8CA1DF56-D941-43AE-A046-D63A1EA31D22}.Debug|Any CPU.Build.0 = Debug|Any CPU
		{8CA1DF56-D941-43AE-A046-D63A1EA31D22}.Release|Any CPU.ActiveCfg = Release|Any CPU
		{8CA1DF56-D941-43AE-A046-D63A1EA31D22}.Release|Any CPU.Build.0 = Release|Any CPU
		{061FFA43-B51C-4E14-97F2-04BD28B99CF4}.Debug|Any CPU.ActiveCfg = Debug|Any CPU
		{061FFA43-B51C-4E14-97F2-04BD28B99CF4}.Debug|Any CPU.Build.0 = Debug|Any CPU
		{061FFA43-B51C-4E14-97F2-04BD28B99CF4}.Release|Any CPU.ActiveCfg = Release|Any CPU
		{061FFA43-B51C-4E14-97F2-04BD28B99CF4}.Release|Any CPU.Build.0 = Release|Any CPU
		{CE017DB9-21E4-413A-9786-6CC86498EA72}.Debug|Any CPU.ActiveCfg = Debug|Any CPU
		{CE017DB9-21E4-413A-9786-6CC86498EA72}.Debug|Any CPU.Build.0 = Debug|Any CPU
		{CE017DB9-21E4-413A-9786-6CC86498EA72}.Release|Any CPU.ActiveCfg = Release|Any CPU
		{CE017DB9-21E4-413A-9786-6CC86498EA72}.Release|Any CPU.Build.0 = Release|Any CPU
	EndGlobalSection
	GlobalSection(SolutionProperties) = preSolution
		HideSolutionNode = FALSE
	EndGlobalSection
	GlobalSection(ExtensibilityGlobals) = postSolution
		SolutionGuid = {131C78C3-6089-4E2B-B4B3-B118E7793F24}
	EndGlobalSection
EndGlobal
